
Microsoft Visual Studio Solution File, Format Version 12.00
# Visual Studio Version 16
VisualStudioVersion = 16.0.30225.117
MinimumVisualStudioVersion = 10.0.40219.1
Project("{FAE04EC0-301F-11D3-BF4B-00C04F79EFBC}") = "LoadSolutionForAnalysis", "LoadSolutionForAnalysis\LoadSolutionForAnalysis.csproj", "{D57692E8-4CAB-4C05-B520-1FF8E637BE18}"
EndProject
Global
	GlobalSection(SolutionConfigurationPlatforms) = preSolution
		Debug|Any CPU = Debug|Any CPU
		Release|Any CPU = Release|Any CPU
	EndGlobalSection
	GlobalSection(ProjectConfigurationPlatforms) = postSolution
		{D57692E8-4CAB-4C05-B520-1FF8E637BE18}.Debug|Any CPU.ActiveCfg = Debug|Any CPU
		{D57692E8-4CAB-4C05-B520-1FF8E637BE18}.Debug|Any CPU.Build.0 = Debug|Any CPU
		{D57692E8-4CAB-4C05-B520-1FF8E637BE18}.Release|Any CPU.ActiveCfg = Release|Any CPU
		{D57692E8-4CAB-4C05-B520-1FF8E637BE18}.Release|Any CPU.Build.0 = Release|Any CPU
	EndGlobalSection
	GlobalSection(SolutionProperties) = preSolution
		HideSolutionNode = FALSE
	EndGlobalSection
	GlobalSection(ExtensibilityGlobals) = postSolution
		SolutionGuid = {F6E9CC0C-CFCA-4AC4-B30D-1644A30A8FDE}
	EndGlobalSection
EndGlobal
